
Microsoft Visual Studio Solution File, Format Version 10.00
# Visual Studio 2008
Project("{FAE04EC0-301F-11D3-BF4B-00C04F79EFBC}") = "MonRut.UI", "MonRut.UI\MonRut.UI.csproj", "{322714A6-03FC-4EE4-94A4-C77CEBAED272}"
EndProject
Project("{FAE04EC0-301F-11D3-BF4B-00C04F79EFBC}") = "MonRut.Domain", "MonRut.Entities\MonRut.Domain.csproj", "{4F03A860-B311-4F8A-BC70-8AF00E236FC3}"
EndProject
Project("{FAE04EC0-301F-11D3-BF4B-00C04F79EFBC}") = "MonRut.Ws", "MonRut.Ws\MonRut.Ws\MonRut.Ws.csproj", "{8A85AE7C-0815-42FA-8DAC-FB5BBF201192}"
EndProject
Project("{FAE04EC0-301F-11D3-BF4B-00C04F79EFBC}") = "MonRut.Ws.Client", "MonRut.Ws\MonRut.Ws.Client\MonRut.Ws.Client.csproj", "{96648E6D-B721-441A-90B1-3F5740A13026}"
EndProject
Global
	GlobalSection(SolutionConfigurationPlatforms) = preSolution
		Debug|Any CPU = Debug|Any CPU
		Debug|Mixed Platforms = Debug|Mixed Platforms
		Debug|x86 = Debug|x86
		Release|Any CPU = Release|Any CPU
		Release|Mixed Platforms = Release|Mixed Platforms
		Release|x86 = Release|x86
	EndGlobalSection
	GlobalSection(ProjectConfigurationPlatforms) = postSolution
		{322714A6-03FC-4EE4-94A4-C77CEBAED272}.Debug|Any CPU.ActiveCfg = Debug|x86
		{322714A6-03FC-4EE4-94A4-C77CEBAED272}.Debug|Mixed Platforms.ActiveCfg = Debug|x86
		{322714A6-03FC-4EE4-94A4-C77CEBAED272}.Debug|Mixed Platforms.Build.0 = Debug|x86
		{322714A6-03FC-4EE4-94A4-C77CEBAED272}.Debug|x86.ActiveCfg = Debug|x86
		{322714A6-03FC-4EE4-94A4-C77CEBAED272}.Debug|x86.Build.0 = Debug|x86
		{322714A6-03FC-4EE4-94A4-C77CEBAED272}.Release|Any CPU.ActiveCfg = Release|x86
		{322714A6-03FC-4EE4-94A4-C77CEBAED272}.Release|Mixed Platforms.ActiveCfg = Release|x86
		{322714A6-03FC-4EE4-94A4-C77CEBAED272}.Release|Mixed Platforms.Build.0 = Release|x86
		{322714A6-03FC-4EE4-94A4-C77CEBAED272}.Release|x86.ActiveCfg = Release|x86
		{322714A6-03FC-4EE4-94A4-C77CEBAED272}.Release|x86.Build.0 = Release|x86
		{4F03A860-B311-4F8A-BC70-8AF00E236FC3}.Debug|Any CPU.ActiveCfg = Debug|x86
		{4F03A860-B311-4F8A-BC70-8AF00E236FC3}.Debug|Mixed Platforms.ActiveCfg = Debug|x86
		{4F03A860-B311-4F8A-BC70-8AF00E236FC3}.Debug|Mixed Platforms.Build.0 = Debug|x86
		{4F03A860-B311-4F8A-BC70-8AF00E236FC3}.Debug|x86.ActiveCfg = Debug|x86
		{4F03A860-B311-4F8A-BC70-8AF00E236FC3}.Debug|x86.Build.0 = Debug|x86
		{4F03A860-B311-4F8A-BC70-8AF00E236FC3}.Release|Any CPU.ActiveCfg = Release|x86
		{4F03A860-B311-4F8A-BC70-8AF00E236FC3}.Release|Mixed Platforms.ActiveCfg = Release|x86
		{4F03A860-B311-4F8A-BC70-8AF00E236FC3}.Release|Mixed Platforms.Build.0 = Release|x86
		{4F03A860-B311-4F8A-BC70-8AF00E236FC3}.Release|x86.ActiveCfg = Release|x86
		{4F03A860-B311-4F8A-BC70-8AF00E236FC3}.Release|x86.Build.0 = Release|x86
		{8A85AE7C-0815-42FA-8DAC-FB5BBF201192}.Debug|Any CPU.ActiveCfg = Debug|Any CPU
		{8A85AE7C-0815-42FA-8DAC-FB5BBF201192}.Debug|Any CPU.Build.0 = Debug|Any CPU
		{8A85AE7C-0815-42FA-8DAC-FB5BBF201192}.Debug|Mixed Platforms.ActiveCfg = Debug|Any CPU
		{8A85AE7C-0815-42FA-8DAC-FB5BBF201192}.Debug|Mixed Platforms.Build.0 = Debug|Any CPU
		{8A85AE7C-0815-42FA-8DAC-FB5BBF201192}.Debug|x86.ActiveCfg = Debug|Any CPU
		{8A85AE7C-0815-42FA-8DAC-FB5BBF201192}.Release|Any CPU.ActiveCfg = Release|Any CPU
		{8A85AE7C-0815-42FA-8DAC-FB5BBF201192}.Release|Any CPU.Build.0 = Release|Any CPU
		{8A85AE7C-0815-42FA-8DAC-FB5BBF201192}.Release|Mixed Platforms.ActiveCfg = Release|Any CPU
		{8A85AE7C-0815-42FA-8DAC-FB5BBF201192}.Release|Mixed Platforms.Build.0 = Release|Any CPU
		{8A85AE7C-0815-42FA-8DAC-FB5BBF201192}.Release|x86.ActiveCfg = Release|Any CPU
		{96648E6D-B721-441A-90B1-3F5740A13026}.Debug|Any CPU.ActiveCfg = Debug|Any CPU
		{96648E6D-B721-441A-90B1-3F5740A13026}.Debug|Any CPU.Build.0 = Debug|Any CPU
		{96648E6D-B721-441A-90B1-3F5740A13026}.Debug|Mixed Platforms.ActiveCfg = Debug|Any CPU
		{96648E6D-B721-441A-90B1-3F5740A13026}.Debug|Mixed Platforms.Build.0 = Debug|Any CPU
		{96648E6D-B721-441A-90B1-3F5740A13026}.Debug|x86.ActiveCfg = Debug|Any CPU
		{96648E6D-B721-441A-90B1-3F5740A13026}.Release|Any CPU.ActiveCfg = Release|Any CPU
		{96648E6D-B721-441A-90B1-3F5740A13026}.Release|Any CPU.Build.0 = Release|Any CPU
		{96648E6D-B721-441A-90B1-3F5740A13026}.Release|Mixed Platforms.ActiveCfg = Release|Any CPU
		{96648E6D-B721-441A-90B1-3F5740A13026}.Release|Mixed Platforms.Build.0 = Release|Any CPU
		{96648E6D-B721-441A-90B1-3F5740A13026}.Release|x86.ActiveCfg = Release|Any CPU
	EndGlobalSection
	GlobalSection(SolutionProperties) = preSolution
		HideSolutionNode = FALSE
	EndGlobalSection
	GlobalSection(MonoDevelopProperties) = preSolution
		StartupItem = MonRut.Remoting.Client\MonRut.Remoting.Client.csproj
	EndGlobalSection
EndGlobal
